{
  "name": "express-browsersupport",
  "version": "1.0.0",
  "lockfileVersion": 1,
  "requires": true,
  "dependencies": {
    "express-useragent": {
      "version": "1.0.8",
      "resolved": "https://registry.npmjs.org/express-useragent/-/express-useragent-1.0.8.tgz",
      "integrity": "sha1-BR72ozhtjstizSuMFprRCdBstX0="
    }
  }
}
